
Microsoft Visual Studio Solution File, Format Version 12.00
# Visual Studio Version 16
VisualStudioVersion = 16.0.32929.386
MinimumVisualStudioVersion = 10.0.40219.1
Project("{FAE04EC0-301F-11D3-BF4B-00C04F79EFBC}") = "Ausprobieren", "Ausprobieren\Ausprobieren.csproj", "{57AECFA1-9667-444D-8ACE-543CA02157DC}"
EndProject
Global
	GlobalSection(SolutionConfigurationPlatforms) = preSolution
		Debug|Any CPU = Debug|Any CPU
		Release|Any CPU = Release|Any CPU
	EndGlobalSection
	GlobalSection(ProjectConfigurationPlatforms) = postSolution
		{57AECFA1-9667-444D-8ACE-543CA02157DC}.Debug|Any CPU.ActiveCfg = Debug|Any CPU
		{57AECFA1-9667-444D-8ACE-543CA02157DC}.Debug|Any CPU.Build.0 = Debug|Any CPU
		{57AECFA1-9667-444D-8ACE-543CA02157DC}.Release|Any CPU.ActiveCfg = Release|Any CPU
		{57AECFA1-9667-444D-8ACE-543CA02157DC}.Release|Any CPU.Build.0 = Release|Any CPU
	EndGlobalSection
	GlobalSection(SolutionProperties) = preSolution
		HideSolutionNode = FALSE
	EndGlobalSection
	GlobalSection(ExtensibilityGlobals) = postSolution
		SolutionGuid = {168CCE42-B35D-4226-A4BC-0F115EB49EEE}
	EndGlobalSection
EndGlobal
