
Microsoft Visual Studio Solution File, Format Version 12.00
# Visual Studio Version 17
VisualStudioVersion = 17.3.32929.385
MinimumVisualStudioVersion = 10.0.40219.1
Project("{FAE04EC0-301F-11D3-BF4B-00C04F79EFBC}") = "Breakout Game", "Breakout Game\Breakout Game.csproj", "{80AD1984-DDC1-4EF7-96AC-63A5C136AF1D}"
EndProject
Global
	GlobalSection(SolutionConfigurationPlatforms) = preSolution
		Debug|Any CPU = Debug|Any CPU
		Release|Any CPU = Release|Any CPU
	EndGlobalSection
	GlobalSection(ProjectConfigurationPlatforms) = postSolution
		{80AD1984-DDC1-4EF7-96AC-63A5C136AF1D}.Debug|Any CPU.ActiveCfg = Debug|Any CPU
		{80AD1984-DDC1-4EF7-96AC-63A5C136AF1D}.Debug|Any CPU.Build.0 = Debug|Any CPU
		{80AD1984-DDC1-4EF7-96AC-63A5C136AF1D}.Release|Any CPU.ActiveCfg = Release|Any CPU
		{80AD1984-DDC1-4EF7-96AC-63A5C136AF1D}.Release|Any CPU.Build.0 = Release|Any CPU
	EndGlobalSection
	GlobalSection(SolutionProperties) = preSolution
		HideSolutionNode = FALSE
	EndGlobalSection
	GlobalSection(ExtensibilityGlobals) = postSolution
		SolutionGuid = {BEFB72EE-01A2-4F6F-ABDA-2CFE255A5173}
	EndGlobalSection
EndGlobal
